// !$*UTF8*$!
{
	archiveVersion = 1;
	classes = {
	};
	objectVersion = 55;
	objects = {

/* Begin PBXBuildFile section */
		072AD05027FD76BD003869EC /* AppDelegate.swift in Sources */ = {isa = PBXBuildFile; fileRef = 072AD04F27FD76BD003869EC /* AppDelegate.swift */; };
		072AD05227FD76BD003869EC /* SceneDelegate.swift in Sources */ = {isa = PBXBuildFile; fileRef = 072AD05127FD76BD003869EC /* SceneDelegate.swift */; };
		072AD05427FD76BD003869EC /* ViewController.swift in Sources */ = {isa = PBXBuildFile; fileRef = 072AD05327FD76BD003869EC /* ViewController.swift */; };
		072AD05727FD76BD003869EC /* Main.storyboard in Resources */ = {isa = PBXBuildFile; fileRef = 072AD05527FD76BD003869EC /* Main.storyboard */; };
		072AD05927FD76C0003869EC /* Assets.xcassets in Resources */ = {isa = PBXBuildFile; fileRef = 072AD05827FD76C0003869EC /* Assets.xcassets */; };
		072AD05C27FD76C0003869EC /* LaunchScreen.storyboard in Resources */ = {isa = PBXBuildFile; fileRef = 072AD05A27FD76C0003869EC /* LaunchScreen.storyboard */; };
		072AD06A27FD76E9003869EC /* AppDelegate.swift in Sources */ = {isa = PBXBuildFile; fileRef = 072AD06927FD76E9003869EC /* AppDelegate.swift */; };
		072AD06C27FD76E9003869EC /* ViewController.swift in Sources */ = {isa = PBXBuildFile; fileRef = 072AD06B27FD76E9003869EC /* ViewController.swift */; };
		072AD06F27FD76E9003869EC /* Main.storyboard in Resources */ = {isa = PBXBuildFile; fileRef = 072AD06D27FD76E9003869EC /* Main.storyboard */; };
		072AD07127FD76EA003869EC /* Assets.xcassets in Resources */ = {isa = PBXBuildFile; fileRef = 072AD07027FD76EA003869EC /* Assets.xcassets */; };
		072AD07427FD76EA003869EC /* LaunchScreen.storyboard in Resources */ = {isa = PBXBuildFile; fileRef = 072AD07227FD76EA003869EC /* LaunchScreen.storyboard */; };
/* End PBXBuildFile section */

/* Begin PBXFileReference section */
		072AD04C27FD76BD003869EC /* GHApp_iOS.app */ = {isa = PBXFileReference; explicitFileType = wrapper.application; includeInIndex = 0; path = GHApp_iOS.app; sourceTree = BUILT_PRODUCTS_DIR; };
		072AD04F27FD76BD003869EC /* AppDelegate.swift */ = {isa = PBXFileReference; lastKnownFileType = sourcecode.swift; path = AppDelegate.swift; sourceTree = "<group>"; };
		072AD05127FD76BD003869EC /* SceneDelegate.swift */ = {isa = PBXFileReference; lastKnownFileType = sourcecode.swift; path = SceneDelegate.swift; sourceTree = "<group>"; };
		072AD05327FD76BD003869EC /* ViewController.swift */ = {isa = PBXFileReference; lastKnownFileType = sourcecode.swift; path = ViewController.swift; sourceTree = "<group>"; };
		072AD05627FD76BD003869EC /* Base */ = {isa = PBXFileReference; lastKnownFileType = file.storyboard; name = Base; path = Base.lproj/Main.storyboard; sourceTree = "<group>"; };
		072AD05827FD76C0003869EC /* Assets.xcassets */ = {isa = PBXFileReference; lastKnownFileType = folder.assetcatalog; path = Assets.xcassets; sourceTree = "<group>"; };
		072AD05B27FD76C0003869EC /* Base */ = {isa = PBXFileReference; lastKnownFileType = file.storyboard; name = Base; path = Base.lproj/LaunchScreen.storyboard; sourceTree = "<group>"; };
		072AD05D27FD76C0003869EC /* Info.plist */ = {isa = PBXFileReference; lastKnownFileType = text.plist.xml; path = Info.plist; sourceTree = "<group>"; };
		072AD06727FD76E9003869EC /* GHApp_tvOS.app */ = {isa = PBXFileReference; explicitFileType = wrapper.application; includeInIndex = 0; path = GHApp_tvOS.app; sourceTree = BUILT_PRODUCTS_DIR; };
		072AD06927FD76E9003869EC /* AppDelegate.swift */ = {isa = PBXFileReference; lastKnownFileType = sourcecode.swift; path = AppDelegate.swift; sourceTree = "<group>"; };
		072AD06B27FD76E9003869EC /* ViewController.swift */ = {isa = PBXFileReference; lastKnownFileType = sourcecode.swift; path = ViewController.swift; sourceTree = "<group>"; };
		072AD06E27FD76E9003869EC /* Base */ = {isa = PBXFileReference; lastKnownFileType = file.storyboard; name = Base; path = Base.lproj/Main.storyboard; sourceTree = "<group>"; };
		072AD07027FD76EA003869EC /* Assets.xcassets */ = {isa = PBXFileReference; lastKnownFileType = folder.assetcatalog; path = Assets.xcassets; sourceTree = "<group>"; };
		072AD07327FD76EA003869EC /* Base */ = {isa = PBXFileReference; lastKnownFileType = file.storyboard; name = Base; path = Base.lproj/LaunchScreen.storyboard; sourceTree = "<group>"; };
/* End PBXFileReference section */

/* Begin PBXFrameworksBuildPhase section */
		072AD04927FD76BD003869EC /* Frameworks */ = {
			isa = PBXFrameworksBuildPhase;
			buildActionMask = 2147483647;
			files = (
			);
			runOnlyForDeploymentPostprocessing = 0;
		};
		072AD06427FD76E9003869EC /* Frameworks */ = {
			isa = PBXFrameworksBuildPhase;
			buildActionMask = 2147483647;
			files = (
			);
			runOnlyForDeploymentPostprocessing = 0;
		};
/* End PBXFrameworksBuildPhase section */

/* Begin PBXGroup section */
		072AD04327FD76BD003869EC = {
			isa = PBXGroup;
			children = (
				072AD04E27FD76BD003869EC /* GHApp_iOS */,
				072AD06827FD76E9003869EC /* GHApp_tvOS */,
				072AD04D27FD76BD003869EC /* Products */,
			);
			sourceTree = "<group>";
		};
		072AD04D27FD76BD003869EC /* Products */ = {
			isa = PBXGroup;
			children = (
				072AD04C27FD76BD003869EC /* GHApp_iOS.app */,
				072AD06727FD76E9003869EC /* GHApp_tvOS.app */,
			);
			name = Products;
			sourceTree = "<group>";
		};
		072AD04E27FD76BD003869EC /* GHApp_iOS */ = {
			isa = PBXGroup;
			children = (
				072AD04F27FD76BD003869EC /* AppDelegate.swift */,
				072AD05127FD76BD003869EC /* SceneDelegate.swift */,
				072AD05327FD76BD003869EC /* ViewController.swift */,
				072AD05527FD76BD003869EC /* Main.storyboard */,
				072AD05827FD76C0003869EC /* Assets.xcassets */,
				072AD05A27FD76C0003869EC /* LaunchScreen.storyboard */,
				072AD05D27FD76C0003869EC /* Info.plist */,
			);
			path = GHApp_iOS;
			sourceTree = "<group>";
		};
		072AD06827FD76E9003869EC /* GHApp_tvOS */ = {
			isa = PBXGroup;
			children = (
				072AD06927FD76E9003869EC /* AppDelegate.swift */,
				072AD06B27FD76E9003869EC /* ViewController.swift */,
				072AD06D27FD76E9003869EC /* Main.storyboard */,
				072AD07027FD76EA003869EC /* Assets.xcassets */,
				072AD07227FD76EA003869EC /* LaunchScreen.storyboard */,
			);
			path = GHApp_tvOS;
			sourceTree = "<group>";
		};
/* End PBXGroup section */

/* Begin PBXNativeTarget section */
		072AD04B27FD76BD003869EC /* GHApp_iOS */ = {
			isa = PBXNativeTarget;
			buildConfigurationList = 072AD06027FD76C0003869EC /* Build configuration list for PBXNativeTarget "GHApp_iOS" */;
			buildPhases = (
				072AD04827FD76BD003869EC /* Sources */,
				072AD04927FD76BD003869EC /* Frameworks */,
				072AD04A27FD76BD003869EC /* Resources */,
			);
			buildRules = (
			);
			dependencies = (
			);
			name = GHApp_iOS;
			productName = GHApp;
			productReference = 072AD04C27FD76BD003869EC /* GHApp_iOS.app */;
			productType = "com.apple.product-type.application";
		};
		072AD06627FD76E9003869EC /* GHApp_tvOS */ = {
			isa = PBXNativeTarget;
			buildConfigurationList = 072AD07527FD76EA003869EC /* Build configuration list for PBXNativeTarget "GHApp_tvOS" */;
			buildPhases = (
				072AD06327FD76E9003869EC /* Sources */,
				072AD06427FD76E9003869EC /* Frameworks */,
				072AD06527FD76E9003869EC /* Resources */,
			);
			buildRules = (
			);
			dependencies = (
			);
			name = GHApp_tvOS;
			productName = GHApp_tvOS;
			productReference = 072AD06727FD76E9003869EC /* GHApp_tvOS.app */;
			productType = "com.apple.product-type.application";
		};
/* End PBXNativeTarget section */

/* Begin PBXProject section */
		072AD04427FD76BD003869EC /* Project object */ = {
			isa = PBXProject;
			attributes = {
				BuildIndependentTargetsInParallel = 1;
				LastSwiftUpdateCheck = 1320;
				LastUpgradeCheck = 1320;
				TargetAttributes = {
					072AD04B27FD76BD003869EC = {
						CreatedOnToolsVersion = 13.2.1;
					};
					072AD06627FD76E9003869EC = {
						CreatedOnToolsVersion = 13.2.1;
					};
				};
			};
			buildConfigurationList = 072AD04727FD76BD003869EC /* Build configuration list for PBXProject "GHApp" */;
			compatibilityVersion = "Xcode 13.0";
			developmentRegion = en;
			hasScannedForEncodings = 0;
			knownRegions = (
				en,
				Base,
			);
			mainGroup = 072AD04327FD76BD003869EC;
			productRefGroup = 072AD04D27FD76BD003869EC /* Products */;
			projectDirPath = "";
			projectRoot = "";
			targets = (
				072AD04B27FD76BD003869EC /* GHApp_iOS */,
				072AD06627FD76E9003869EC /* GHApp_tvOS */,
			);
		};
/* End PBXProject section */

/* Begin PBXResourcesBuildPhase section */
		072AD04A27FD76BD003869EC /* Resources */ = {
			isa = PBXResourcesBuildPhase;
			buildActionMask = 2147483647;
			files = (
				072AD05C27FD76C0003869EC /* LaunchScreen.storyboard in Resources */,
				072AD05927FD76C0003869EC /* Assets.xcassets in Resources */,
				072AD05727FD76BD003869EC /* Main.storyboard in Resources */,
			);
			runOnlyForDeploymentPostprocessing = 0;
		};
		072AD06527FD76E9003869EC /* Resources */ = {
			isa = PBXResourcesBuildPhase;
			buildActionMask = 2147483647;
			files = (
				072AD07427FD76EA003869EC /* LaunchScreen.storyboard in Resources */,
				072AD07127FD76EA003869EC /* Assets.xcassets in Resources */,
				072AD06F27FD76E9003869EC /* Main.storyboard in Resources */,
			);
			runOnlyForDeploymentPostprocessing = 0;
		};
/* End PBXResourcesBuildPhase section */

/* Begin PBXSourcesBuildPhase section */
		072AD04827FD76BD003869EC /* Sources */ = {
			isa = PBXSourcesBuildPhase;
			buildActionMask = 2147483647;
			files = (
				072AD05427FD76BD003869EC /* ViewController.swift in Sources */,
				072AD05027FD76BD003869EC /* AppDelegate.swift in Sources */,
				072AD05227FD76BD003869EC /* SceneDelegate.swift in Sources */,
			);
			runOnlyForDeploymentPostprocessing = 0;
		};
		072AD06327FD76E9003869EC /* Sources */ = {
			isa = PBXSourcesBuildPhase;
			buildActionMask = 2147483647;
			files = (
				072AD06C27FD76E9003869EC /* ViewController.swift in Sources */,
				072AD06A27FD76E9003869EC /* AppDelegate.swift in Sources */,
			);
			runOnlyForDeploymentPostprocessing = 0;
		};
/* End PBXSourcesBuildPhase section */

/* Begin PBXVariantGroup section */
		072AD05527FD76BD003869EC /* Main.storyboard */ = {
			isa = PBXVariantGroup;
			children = (
				072AD05627FD76BD003869EC /* Base */,
			);
			name = Main.storyboard;
			sourceTree = "<group>";
		};
		072AD05A27FD76C0003869EC /* LaunchScreen.storyboard */ = {
			isa = PBXVariantGroup;
			children = (
				072AD05B27FD76C0003869EC /* Base */,
			);
			name = LaunchScreen.storyboard;
			sourceTree = "<group>";
		};
		072AD06D27FD76E9003869EC /* Main.storyboard */ = {
			isa = PBXVariantGroup;
			children = (
				072AD06E27FD76E9003869EC /* Base */,
			);
			name = Main.storyboard;
			sourceTree = "<group>";
		};
		072AD07227FD76EA003869EC /* LaunchScreen.storyboard */ = {
			isa = PBXVariantGroup;
			children = (
				072AD07327FD76EA003869EC /* Base */,
			);
			name = LaunchScreen.storyboard;
			sourceTree = "<group>";
		};
/* End PBXVariantGroup section */

/* Begin XCBuildConfiguration section */
		072AD05E27FD76C0003869EC /* Debug */ = {
			isa = XCBuildConfiguration;
			buildSettings = {
				ALWAYS_SEARCH_USER_PATHS = NO;
				CLANG_ANALYZER_NONNULL = YES;
				CLANG_ANALYZER_NUMBER_OBJECT_CONVERSION = YES_AGGRESSIVE;
				CLANG_CXX_LANGUAGE_STANDARD = "gnu++17";
				CLANG_CXX_LIBRARY = "libc++";
				CLANG_ENABLE_MODULES = YES;
				CLANG_ENABLE_OBJC_ARC = YES;
				CLANG_ENABLE_OBJC_WEAK = YES;
				CLANG_WARN_BLOCK_CAPTURE_AUTORELEASING = YES;
				CLANG_WARN_BOOL_CONVERSION = YES;
				CLANG_WARN_COMMA = YES;
				CLANG_WARN_CONSTANT_CONVERSION = YES;
				CLANG_WARN_DEPRECATED_OBJC_IMPLEMENTATIONS = YES;
				CLANG_WARN_DIRECT_OBJC_ISA_USAGE = YES_ERROR;
				CLANG_WARN_DOCUMENTATION_COMMENTS = YES;
				CLANG_WARN_EMPTY_BODY = YES;
				CLANG_WARN_ENUM_CONVERSION = YES;
				CLANG_WARN_INFINITE_RECURSION = YES;
				CLANG_WARN_INT_CONVERSION = YES;
				CLANG_WARN_NON_LITERAL_NULL_CONVERSION = YES;
				CLANG_WARN_OBJC_IMPLICIT_RETAIN_SELF = YES;
				CLANG_WARN_OBJC_LITERAL_CONVERSION = YES;
				CLANG_WARN_OBJC_ROOT_CLASS = YES_ERROR;
				CLANG_WARN_QUOTED_INCLUDE_IN_FRAMEWORK_HEADER = YES;
				CLANG_WARN_RANGE_LOOP_ANALYSIS = YES;
				CLANG_WARN_STRICT_PROTOTYPES = YES;
				CLANG_WARN_SUSPICIOUS_MOVE = YES;
				CLANG_WARN_UNGUARDED_AVAILABILITY = YES_AGGRESSIVE;
				CLANG_WARN_UNREACHABLE_CODE = YES;
				CLANG_WARN__DUPLICATE_METHOD_MATCH = YES;
				COPY_PHASE_STRIP = NO;
				DEBUG_INFORMATION_FORMAT = dwarf;
				ENABLE_STRICT_OBJC_MSGSEND = YES;
				ENABLE_TESTABILITY = YES;
				GCC_C_LANGUAGE_STANDARD = gnu11;
				GCC_DYNAMIC_NO_PIC = NO;
				GCC_NO_COMMON_BLOCKS = YES;
				GCC_OPTIMIZATION_LEVEL = 0;
				GCC_PREPROCESSOR_DEFINITIONS = (
					"DEBUG=1",
					"$(inherited)",
				);
				GCC_WARN_64_TO_32_BIT_CONVERSION = YES;
				GCC_WARN_ABOUT_RETURN_TYPE = YES_ERROR;
				GCC_WARN_UNDECLARED_SELECTOR = YES;
				GCC_WARN_UNINITIALIZED_AUTOS = YES_AGGRESSIVE;
				GCC_WARN_UNUSED_FUNCTION = YES;
				GCC_WARN_UNUSED_VARIABLE = YES;
				IPHONEOS_DEPLOYMENT_TARGET = 15.2;
				MTL_ENABLE_DEBUG_INFO = INCLUDE_SOURCE;
				MTL_FAST_MATH = YES;
				ONLY_ACTIVE_ARCH = YES;
				SDKROOT = iphoneos;
				SWIFT_ACTIVE_COMPILATION_CONDITIONS = DEBUG;
				SWIFT_OPTIMIZATION_LEVEL = "-Onone";
			};
			name = Debug;
		};
		072AD05F27FD76C0003869EC /* Release */ = {
			isa = XCBuildConfiguration;
			buildSettings = {
				ALWAYS_SEARCH_USER_PATHS = NO;
				CLANG_ANALYZER_NONNULL = YES;
				CLANG_ANALYZER_NUMBER_OBJECT_CONVERSION = YES_AGGRESSIVE;
				CLANG_CXX_LANGUAGE_STANDARD = "gnu++17";
				CLANG_CXX_LIBRARY = "libc++";
				CLANG_ENABLE_MODULES = YES;
				CLANG_ENABLE_OBJC_ARC = YES;
				CLANG_ENABLE_OBJC_WEAK = YES;
				CLANG_WARN_BLOCK_CAPTURE_AUTORELEASING = YES;
				CLANG_WARN_BOOL_CONVERSION = YES;
				CLANG_WARN_COMMA = YES;
				CLANG_WARN_CONSTANT_CONVERSION = YES;
				CLANG_WARN_DEPRECATED_OBJC_IMPLEMENTATIONS = YES;
				CLANG_WARN_DIRECT_OBJC_ISA_USAGE = YES_ERROR;
				CLANG_WARN_DOCUMENTATION_COMMENTS = YES;
				CLANG_WARN_EMPTY_BODY = YES;
				CLANG_WARN_ENUM_CONVERSION = YES;
				CLANG_WARN_INFINITE_RECURSION = YES;
				CLANG_WARN_INT_CONVERSION = YES;
				CLANG_WARN_NON_LITERAL_NULL_CONVERSION = YES;
				CLANG_WARN_OBJC_IMPLICIT_RETAIN_SELF = YES;
				CLANG_WARN_OBJC_LITERAL_CONVERSION = YES;
				CLANG_WARN_OBJC_ROOT_CLASS = YES_ERROR;
				CLANG_WARN_QUOTED_INCLUDE_IN_FRAMEWORK_HEADER = YES;
				CLANG_WARN_RANGE_LOOP_ANALYSIS = YES;
				CLANG_WARN_STRICT_PROTOTYPES = YES;
				CLANG_WARN_SUSPICIOUS_MOVE = YES;
				CLANG_WARN_UNGUARDED_AVAILABILITY = YES_AGGRESSIVE;
				CLANG_WARN_UNREACHABLE_CODE = YES;
				CLANG_WARN__DUPLICATE_METHOD_MATCH = YES;
				COPY_PHASE_STRIP = NO;
				DEBUG_INFORMATION_FORMAT = "dwarf-with-dsym";
				ENABLE_NS_ASSERTIONS = NO;
				ENABLE_STRICT_OBJC_MSGSEND = YES;
				GCC_C_LANGUAGE_STANDARD = gnu11;
				GCC_NO_COMMON_BLOCKS = YES;
				GCC_WARN_64_TO_32_BIT_CONVERSION = YES;
				GCC_WARN_ABOUT_RETURN_TYPE = YES_ERROR;
				GCC_WARN_UNDECLARED_SELECTOR = YES;
				GCC_WARN_UNINITIALIZED_AUTOS = YES_AGGRESSIVE;
				GCC_WARN_UNUSED_FUNCTION = YES;
				GCC_WARN_UNUSED_VARIABLE = YES;
				IPHONEOS_DEPLOYMENT_TARGET = 15.2;
				MTL_ENABLE_DEBUG_INFO = NO;
				MTL_FAST_MATH = YES;
				SDKROOT = iphoneos;
				SWIFT_COMPILATION_MODE = wholemodule;
				SWIFT_OPTIMIZATION_LEVEL = "-O";
				VALIDATE_PRODUCT = YES;
			};
			name = Release;
		};
		072AD06127FD76C0003869EC /* Debug */ = {
			isa = XCBuildConfiguration;
			buildSettings = {
				ASSETCATALOG_COMPILER_APPICON_NAME = AppIcon;
				ASSETCATALOG_COMPILER_GLOBAL_ACCENT_COLOR_NAME = AccentColor;
				CODE_SIGN_STYLE = Automatic;
				CURRENT_PROJECT_VERSION = 1;
				DEVELOPMENT_TEAM = 83TQP3JZHF;
				GENERATE_INFOPLIST_FILE = YES;
				INFOPLIST_FILE = GHApp_iOS/Info.plist;
				INFOPLIST_KEY_UIApplicationSupportsIndirectInputEvents = YES;
				INFOPLIST_KEY_UILaunchStoryboardName = LaunchScreen;
				INFOPLIST_KEY_UIMainStoryboardFile = Main;
				INFOPLIST_KEY_UISupportedInterfaceOrientations_iPad = "UIInterfaceOrientationPortrait UIInterfaceOrientationPortraitUpsideDown UIInterfaceOrientationLandscapeLeft UIInterfaceOrientationLandscapeRight";
				INFOPLIST_KEY_UISupportedInterfaceOrientations_iPhone = "UIInterfaceOrientationPortrait UIInterfaceOrientationLandscapeLeft UIInterfaceOrientationLandscapeRight";
				LD_RUNPATH_SEARCH_PATHS = (
					"$(inherited)",
					"@executable_path/Frameworks",
				);
				MARKETING_VERSION = 1.0;
				PRODUCT_BUNDLE_IDENTIFIER = au.com.streamotion.GHApp;
				PRODUCT_NAME = "$(TARGET_NAME)";
				SWIFT_EMIT_LOC_STRINGS = YES;
				SWIFT_VERSION = 5.0;
				TARGETED_DEVICE_FAMILY = "1,2";
			};
			name = Debug;
		};
		072AD06227FD76C0003869EC /* Release */ = {
			isa = XCBuildConfiguration;
			buildSettings = {
				ASSETCATALOG_COMPILER_APPICON_NAME = AppIcon;
				ASSETCATALOG_COMPILER_GLOBAL_ACCENT_COLOR_NAME = AccentColor;
				CODE_SIGN_STYLE = Automatic;
				CURRENT_PROJECT_VERSION = 1;
				DEVELOPMENT_TEAM = 83TQP3JZHF;
				GENERATE_INFOPLIST_FILE = YES;
				INFOPLIST_FILE = GHApp_iOS/Info.plist;
				INFOPLIST_KEY_UIApplicationSupportsIndirectInputEvents = YES;
				INFOPLIST_KEY_UILaunchStoryboardName = LaunchScreen;
				INFOPLIST_KEY_UIMainStoryboardFile = Main;
				INFOPLIST_KEY_UISupportedInterfaceOrientations_iPad = "UIInterfaceOrientationPortrait UIInterfaceOrientationPortraitUpsideDown UIInterfaceOrientationLandscapeLeft UIInterfaceOrientationLandscapeRight";
				INFOPLIST_KEY_UISupportedInterfaceOrientations_iPhone = "UIInterfaceOrientationPortrait UIInterfaceOrientationLandscapeLeft UIInterfaceOrientationLandscapeRight";
				LD_RUNPATH_SEARCH_PATHS = (
					"$(inherited)",
					"@executable_path/Frameworks",
				);
				MARKETING_VERSION = 1.0;
				PRODUCT_BUNDLE_IDENTIFIER = au.com.streamotion.GHApp;
				PRODUCT_NAME = "$(TARGET_NAME)";
				SWIFT_EMIT_LOC_STRINGS = YES;
				SWIFT_VERSION = 5.0;
				TARGETED_DEVICE_FAMILY = "1,2";
			};
			name = Release;
		};
		072AD07627FD76EA003869EC /* Debug */ = {
			isa = XCBuildConfiguration;
			buildSettings = {
				ASSETCATALOG_COMPILER_APPICON_NAME = "App Icon & Top Shelf Image";
				ASSETCATALOG_COMPILER_GLOBAL_ACCENT_COLOR_NAME = AccentColor;
				CODE_SIGN_STYLE = Automatic;
				CURRENT_PROJECT_VERSION = 1;
				DEVELOPMENT_TEAM = 83TQP3JZHF;
				GENERATE_INFOPLIST_FILE = YES;
				INFOPLIST_KEY_UILaunchStoryboardName = LaunchScreen;
				INFOPLIST_KEY_UIMainStoryboardFile = Main;
				INFOPLIST_KEY_UIUserInterfaceStyle = Automatic;
				LD_RUNPATH_SEARCH_PATHS = (
					"$(inherited)",
					"@executable_path/Frameworks",
				);
				MARKETING_VERSION = 1.0;
				PRODUCT_BUNDLE_IDENTIFIER = "au.com.streamotion.GHApp-tvOS";
				PRODUCT_NAME = "$(TARGET_NAME)";
				SDKROOT = appletvos;
				SWIFT_EMIT_LOC_STRINGS = YES;
				SWIFT_VERSION = 5.0;
				TARGETED_DEVICE_FAMILY = 3;
				TVOS_DEPLOYMENT_TARGET = 15.2;
			};
			name = Debug;
		};
		072AD07727FD76EA003869EC /* Release */ = {
			isa = XCBuildConfiguration;
			buildSettings = {
				ASSETCATALOG_COMPILER_APPICON_NAME = "App Icon & Top Shelf Image";
				ASSETCATALOG_COMPILER_GLOBAL_ACCENT_COLOR_NAME = AccentColor;
				CODE_SIGN_STYLE = Automatic;
				CURRENT_PROJECT_VERSION = 1;
				DEVELOPMENT_TEAM = 83TQP3JZHF;
				GENERATE_INFOPLIST_FILE = YES;
				INFOPLIST_KEY_UILaunchStoryboardName = LaunchScreen;
				INFOPLIST_KEY_UIMainStoryboardFile = Main;
				INFOPLIST_KEY_UIUserInterfaceStyle = Automatic;
				LD_RUNPATH_SEARCH_PATHS = (
					"$(inherited)",
					"@executable_path/Frameworks",
				);
				MARKETING_VERSION = 1.0;
				PRODUCT_BUNDLE_IDENTIFIER = "au.com.streamotion.GHApp-tvOS";
				PRODUCT_NAME = "$(TARGET_NAME)";
				SDKROOT = appletvos;
				SWIFT_EMIT_LOC_STRINGS = YES;
				SWIFT_VERSION = 5.0;
				TARGETED_DEVICE_FAMILY = 3;
				TVOS_DEPLOYMENT_TARGET = 15.2;
			};
			name = Release;
		};
/* End XCBuildConfiguration section */

/* Begin XCConfigurationList section */
		072AD04727FD76BD003869EC /* Build configuration list for PBXProject "GHApp" */ = {
			isa = XCConfigurationList;
			buildConfigurations = (
				072AD05E27FD76C0003869EC /* Debug */,
				072AD05F27FD76C0003869EC /* Release */,
			);
			defaultConfigurationIsVisible = 0;
			defaultConfigurationName = Release;
		};
		072AD06027FD76C0003869EC /* Build configuration list for PBXNativeTarget "GHApp_iOS" */ = {
			isa = XCConfigurationList;
			buildConfigurations = (
				072AD06127FD76C0003869EC /* Debug */,
				072AD06227FD76C0003869EC /* Release */,
			);
			defaultConfigurationIsVisible = 0;
			defaultConfigurationName = Release;
		};
		072AD07527FD76EA003869EC /* Build configuration list for PBXNativeTarget "GHApp_tvOS" */ = {
			isa = XCConfigurationList;
			buildConfigurations = (
				072AD07627FD76EA003869EC /* Debug */,
				072AD07727FD76EA003869EC /* Release */,
			);
			defaultConfigurationIsVisible = 0;
			defaultConfigurationName = Release;
		};
/* End XCConfigurationList section */
	};
	rootObject = 072AD04427FD76BD003869EC /* Project object */;
}
